NeoBundleLock AnsiEsc.vim d2bb7878622e4c16203acf1c92a0f4bc7ac58003
NeoBundleLock neobundle.vim 26d03781886ed887e390d4ad8b935987754b1c2c
NeoBundleLock neomru.vim 97540f54fa20b94daf306f0c1f3cce983bbf7a1d
NeoBundleLock nerdtree 727770147a7589ab3a06722f4852c0237c8b3549
NeoBundleLock play2vim 867b3591bf893c3bf0aba29c1a627b44c7c5339c
NeoBundleLock simple-javascript-indenter b1cbd5b147b15245b02c5a9a6789a06950de6482
NeoBundleLock syntastic e3a819c7cb3bf4397b0693303a247439668726f1
NeoBundleLock tcomment_vim e365bfab66ab481aebcefd57b795c8ef1d42681f
NeoBundleLock unite.vim 7252fc334ed24722ad70867ba9e4aba125b611d7
NeoBundleLock vim-autoformat e63b4e957ad034494b1495d4b4ac1a18503cba79
NeoBundleLock vim-coffee-script 9e3b4de2a476caeb6ff21b5da20966d7c67a98bb
NeoBundleLock vim-endwise c714a2652427ef4d524ba818baf23f861b5f0cd3
NeoBundleLock vim-fugitive 40d78f07dee2ffab68abb9d6d1a9e27843df0fe0
NeoBundleLock vim-go 7491209072ed4aa746e6fe7894f976ecd251801e
NeoBundleLock vim-indent-guides b40687195c01caf40f62d20093296590b48e3a75
NeoBundleLock vim-jade ddc5592f8c36bf4bd915c16b38b8c76292c2b975
NeoBundleLock vim-javascript-syntax 139ec9080f219536a94281aef7980654ab7c1a1c
NeoBundleLock vim-less 9426a5168acbc12a5dd8f3b01acff59db6ba36e1
NeoBundleLock vim-quickrun 630ddff167e30c55d21985713ad6729adeb8e40b
NeoBundleLock vim-rails a3b6d490f7e5acea53968342bd5ca769a70a4f88
NeoBundleLock vim-scala 0b909e24f31d94552eafae610da0f31040c08f2b
NeoBundleLock vim-slim b19d372ddc4b00048953dc0f5315490ede343b60
NeoBundleLock vim-surround e49d6c2459e0f5569ff2d533b4df995dd7f98313
NeoBundleLock vim-trailing-whitespace 4c596548216b7c19971f8fc94e38ef1a2b55fee6
NeoBundleLock vim-twig cd936524f34fc47bcb1f46a03c5614208c42383e
NeoBundleLock vimproc 2300224d366642f4f8d6f88861535d4ccbe20143
