NeoBundleLock neobundle.vim c6fa48cd665071b7a4dbf5ab53f48cd5884716ee
NeoBundleLock nerdtree a9ab90198be0581fe961125bba3f282a666ef7ff
NeoBundleLock unite.vim ada33d888934d8a9e60aa8ff828b651aaedb6457
NeoBundleLock vim-quickrun 98889e1fc0f7136262c4dd7c312b82879df16486
NeoBundleLock vim-twig cd936524f34fc47bcb1f46a03c5614208c42383e
