NeoBundleLock AnsiEsc.vim d2bb7878622e4c16203acf1c92a0f4bc7ac58003
NeoBundleLock neobundle.vim 26d03781886ed887e390d4ad8b935987754b1c2c
NeoBundleLock neomru.vim 97540f54fa20b94daf306f0c1f3cce983bbf7a1d
NeoBundleLock nerdtree 8a6ae7c6338378b6bb28ad0cf03e71ff0fd11a5a
NeoBundleLock play2vim 867b3591bf893c3bf0aba29c1a627b44c7c5339c
NeoBundleLock simple-javascript-indenter b1cbd5b147b15245b02c5a9a6789a06950de6482
NeoBundleLock syntastic b0e48d0f66ef173cb70f83af927ba707b9d50fce
NeoBundleLock tcomment_vim 6f1f24840be163e85d610837567221639e268ddc
NeoBundleLock unite.vim 9eca3c5e865c8f98fa5e00c797437865d7e592f1
NeoBundleLock vim-autoformat c32b27cd4059770ff6f4639082b69e76ada948bd
NeoBundleLock vim-coffee-script aace5c23d812a205c93e87ff79df72d9366928df
NeoBundleLock vim-endwise d5655263af8b3611a2bcb907a9963831a88d154b
NeoBundleLock vim-fugitive 7c9b87a3c3ef4b53425aca4a27e11a7359caae9f
NeoBundleLock vim-go 0878992106b60210722d202164e8ba8bf710e5d2
NeoBundleLock vim-indent-guides b40687195c01caf40f62d20093296590b48e3a75
NeoBundleLock vim-jade ddc5592f8c36bf4bd915c16b38b8c76292c2b975
NeoBundleLock vim-javascript-syntax 139ec9080f219536a94281aef7980654ab7c1a1c
NeoBundleLock vim-less 9426a5168acbc12a5dd8f3b01acff59db6ba36e1
NeoBundleLock vim-quickrun 9eca3c5e865c8f98fa5e00c797437865d7e592f1
NeoBundleLock vim-rails f7fc6fcb67203a49ec4db43e05642c2cad1f929d
NeoBundleLock vim-scala e7640f26e56f0be344d60a6098e05d6928fd396d
NeoBundleLock vim-slim b19d372ddc4b00048953dc0f5315490ede343b60
NeoBundleLock vim-surround e49d6c2459e0f5569ff2d533b4df995dd7f98313
NeoBundleLock vim-trailing-whitespace 4c596548216b7c19971f8fc94e38ef1a2b55fee6
NeoBundleLock vim-twig 9eca3c5e865c8f98fa5e00c797437865d7e592f1
NeoBundleLock vimproc 03a38f283ca9e15784e8fea84e8afc5d633b9639
